
Microsoft Visual Studio Solution File, Format Version 12.00
# Visual Studio 2013
VisualStudioVersion = 12.0.40629.0
MinimumVisualStudioVersion = 10.0.40219.1
Project("{FAE04EC0-301F-11D3-BF4B-00C04F79EFBC}") = "OracleBase", "OracleBase\OracleBase.csproj", "{0E85187F-DE1E-4902-8C21-7915BD3619F0}"
EndProject
Project("{FAE04EC0-301F-11D3-BF4B-00C04F79EFBC}") = "Tests", "Tests\Tests.csproj", "{3E1E5470-66E6-441F-B2C2-DD44077E05D7}"
EndProject
Global
	GlobalSection(SolutionConfigurationPlatforms) = preSolution
		Debug|Any CPU = Debug|Any CPU
		Release|Any CPU = Release|Any CPU
	EndGlobalSection
	GlobalSection(ProjectConfigurationPlatforms) = postSolution
		{0E85187F-DE1E-4902-8C21-7915BD3619F0}.Debug|Any CPU.ActiveCfg = Debug|Any CPU
		{0E85187F-DE1E-4902-8C21-7915BD3619F0}.Debug|Any CPU.Build.0 = Debug|Any CPU
		{0E85187F-DE1E-4902-8C21-7915BD3619F0}.Release|Any CPU.ActiveCfg = Release|Any CPU
		{0E85187F-DE1E-4902-8C21-7915BD3619F0}.Release|Any CPU.Build.0 = Release|Any CPU
		{3E1E5470-66E6-441F-B2C2-DD44077E05D7}.Debug|Any CPU.ActiveCfg = Debug|Any CPU
		{3E1E5470-66E6-441F-B2C2-DD44077E05D7}.Debug|Any CPU.Build.0 = Debug|Any CPU
		{3E1E5470-66E6-441F-B2C2-DD44077E05D7}.Release|Any CPU.ActiveCfg = Release|Any CPU
		{3E1E5470-66E6-441F-B2C2-DD44077E05D7}.Release|Any CPU.Build.0 = Release|Any CPU
	EndGlobalSection
	GlobalSection(SolutionProperties) = preSolution
		HideSolutionNode = FALSE
	EndGlobalSection
EndGlobal
